
Microsoft Visual Studio Solution File, Format Version 12.00
# Visual Studio Version 17
VisualStudioVersion = 17.6.33829.357
MinimumVisualStudioVersion = 10.0.40219.1
Project("{9A19103F-16F7-4668-BE54-9A1E7A4F7556}") = "Public_Solution_test", "Public_Solution_test\Public_Solution_test.csproj", "{4181A3A8-D414-4275-B86B-5973EFC97B70}"
EndProject
Project("{9A19103F-16F7-4668-BE54-9A1E7A4F7556}") = "WpfApp1", "WpfApp1\WpfApp1.csproj", "{1A570415-4CB3-4D56-84A2-4084A4C9FF4A}"
EndProject
Project("{FAE04EC0-301F-11D3-BF4B-00C04F79EFBC}") = "OpenSilverApplication2.Browser", "OpenSilverApplication2\OpenSilverApplication2.Browser\OpenSilverApplication2.Browser.csproj", "{E33B194C-E2BD-420B-9A2B-7BD8EA0793CE}"
EndProject
Project("{FAE04EC0-301F-11D3-BF4B-00C04F79EFBC}") = "OpenSilverApplication2", "OpenSilverApplication2\OpenSilverApplication2\OpenSilverApplication2.csproj", "{AF92BE39-8F9D-45EB-9746-46DFA8266DC1}"
EndProject
Project("{FAE04EC0-301F-11D3-BF4B-00C04F79EFBC}") = "OpenSilverApplication2.Simulator", "OpenSilverApplication2\OpenSilverApplication2.Simulator\OpenSilverApplication2.Simulator.csproj", "{BBD68525-7F26-4DFD-8FDC-24030FA83FA8}"
EndProject
Global
	GlobalSection(SolutionConfigurationPlatforms) = preSolution
		Debug|Any CPU = Debug|Any CPU
		Release|Any CPU = Release|Any CPU
	EndGlobalSection
	GlobalSection(ProjectConfigurationPlatforms) = postSolution
		{4181A3A8-D414-4275-B86B-5973EFC97B70}.Debug|Any CPU.ActiveCfg = Debug|Any CPU
		{4181A3A8-D414-4275-B86B-5973EFC97B70}.Debug|Any CPU.Build.0 = Debug|Any CPU
		{4181A3A8-D414-4275-B86B-5973EFC97B70}.Release|Any CPU.ActiveCfg = Release|Any CPU
		{4181A3A8-D414-4275-B86B-5973EFC97B70}.Release|Any CPU.Build.0 = Release|Any CPU
		{1A570415-4CB3-4D56-84A2-4084A4C9FF4A}.Debug|Any CPU.ActiveCfg = Debug|Any CPU
		{1A570415-4CB3-4D56-84A2-4084A4C9FF4A}.Debug|Any CPU.Build.0 = Debug|Any CPU
		{1A570415-4CB3-4D56-84A2-4084A4C9FF4A}.Release|Any CPU.ActiveCfg = Release|Any CPU
		{1A570415-4CB3-4D56-84A2-4084A4C9FF4A}.Release|Any CPU.Build.0 = Release|Any CPU
		{E33B194C-E2BD-420B-9A2B-7BD8EA0793CE}.Debug|Any CPU.ActiveCfg = Debug|Any CPU
		{E33B194C-E2BD-420B-9A2B-7BD8EA0793CE}.Debug|Any CPU.Build.0 = Debug|Any CPU
		{E33B194C-E2BD-420B-9A2B-7BD8EA0793CE}.Release|Any CPU.ActiveCfg = Release|Any CPU
		{E33B194C-E2BD-420B-9A2B-7BD8EA0793CE}.Release|Any CPU.Build.0 = Release|Any CPU
		{AF92BE39-8F9D-45EB-9746-46DFA8266DC1}.Debug|Any CPU.ActiveCfg = Debug|Any CPU
		{AF92BE39-8F9D-45EB-9746-46DFA8266DC1}.Debug|Any CPU.Build.0 = Debug|Any CPU
		{AF92BE39-8F9D-45EB-9746-46DFA8266DC1}.Release|Any CPU.ActiveCfg = Release|Any CPU
		{AF92BE39-8F9D-45EB-9746-46DFA8266DC1}.Release|Any CPU.Build.0 = Release|Any CPU
		{BBD68525-7F26-4DFD-8FDC-24030FA83FA8}.Debug|Any CPU.ActiveCfg = Debug|Any CPU
		{BBD68525-7F26-4DFD-8FDC-24030FA83FA8}.Debug|Any CPU.Build.0 = Debug|Any CPU
		{BBD68525-7F26-4DFD-8FDC-24030FA83FA8}.Release|Any CPU.ActiveCfg = Release|Any CPU
		{BBD68525-7F26-4DFD-8FDC-24030FA83FA8}.Release|Any CPU.Build.0 = Release|Any CPU
	EndGlobalSection
	GlobalSection(SolutionProperties) = preSolution
		HideSolutionNode = FALSE
	EndGlobalSection
	GlobalSection(ExtensibilityGlobals) = postSolution
		SolutionGuid = {2D91927F-AAB8-4814-A09F-5B781000A8EC}
	EndGlobalSection
EndGlobal
